
Microsoft Visual Studio Solution File, Format Version 12.00
# Visual Studio Version 17
VisualStudioVersion = 17.3.32929.385
MinimumVisualStudioVersion = 10.0.40219.1
Project("{FAE04EC0-301F-11D3-BF4B-00C04F79EFBC}") = "Group3Web2", "Group3Web2\Group3Web2.csproj", "{03B77F65-8973-420A-93F2-6BE00798666F}"
EndProject
Global
	GlobalSection(SolutionConfigurationPlatforms) = preSolution
		Debug|Any CPU = Debug|Any CPU
		Release|Any CPU = Release|Any CPU
	EndGlobalSection
	GlobalSection(ProjectConfigurationPlatforms) = postSolution
		{03B77F65-8973-420A-93F2-6BE00798666F}.Debug|Any CPU.ActiveCfg = Debug|Any CPU
		{03B77F65-8973-420A-93F2-6BE00798666F}.Debug|Any CPU.Build.0 = Debug|Any CPU
		{03B77F65-8973-420A-93F2-6BE00798666F}.Release|Any CPU.ActiveCfg = Release|Any CPU
		{03B77F65-8973-420A-93F2-6BE00798666F}.Release|Any CPU.Build.0 = Release|Any CPU
	EndGlobalSection
	GlobalSection(SolutionProperties) = preSolution
		HideSolutionNode = FALSE
	EndGlobalSection
	GlobalSection(ExtensibilityGlobals) = postSolution
		SolutionGuid = {24FD889F-0EC5-4682-86A0-FCF456A664E8}
	EndGlobalSection
EndGlobal
